// !$*UTF8*$!
{
	archiveVersion = 1;
	classes = {
	};
	objectVersion = 46;
	objects = {

/* Begin PBXBuildFile section */
		48BFC7B21EEB59DB002451FD /* AppDelegate.swift in Sources */ = {isa = PBXBuildFile; fileRef = 48BFC7B11EEB59DB002451FD /* AppDelegate.swift */; };
		48BFC7B41EEB59DB002451FD /* ViewController.swift in Sources */ = {isa = PBXBuildFile; fileRef = 48BFC7B31EEB59DB002451FD /* ViewController.swift */; };
		48BFC7B71EEB59DC002451FD /* Main.storyboard in Resources */ = {isa = PBXBuildFile; fileRef = 48BFC7B51EEB59DC002451FD /* Main.storyboard */; };
		48BFC7B91EEB59DC002451FD /* Images.xcassets in Resources */ = {isa = PBXBuildFile; fileRef = 48BFC7B81EEB59DC002451FD /* Images.xcassets */; };
		48BFC7BC1EEB59DC002451FD /* LaunchScreen.xib in Resources */ = {isa = PBXBuildFile; fileRef = 48BFC7BA1EEB59DC002451FD /* LaunchScreen.xib */; };
		48BFC7C81EEB59DC002451FD /* SwiftAppTests.swift in Sources */ = {isa = PBXBuildFile; fileRef = 48BFC7C71EEB59DC002451FD /* SwiftAppTests.swift */; };
/* End PBXBuildFile section */

/* Begin PBXContainerItemProxy section */
		48BFC7C21EEB59DC002451FD /* PBXContainerItemProxy */ = {
			isa = PBXContainerItemProxy;
			containerPortal = 48BFC7A41EEB59DB002451FD /* Project object */;
			proxyType = 1;
			remoteGlobalIDString = 48BFC7AB1EEB59DB002451FD;
			remoteInfo = SwiftApp;
		};
/* End PBXContainerItemProxy section */

/* Begin PBXFileReference section */
		48BFC7AC1EEB59DB002451FD /* SwiftApp.app */ = {isa = PBXFileReference; explicitFileType = wrapper.application; includeInIndex = 0; path = SwiftApp.app; sourceTree = BUILT_PRODUCTS_DIR; };
		48BFC7B01EEB59DB002451FD /* Info.plist */ = {isa = PBXFileReference; lastKnownFileType = text.plist.xml; path = Info.plist; sourceTree = "<group>"; };
		48BFC7B11EEB59DB002451FD /* AppDelegate.swift */ = {isa = PBXFileReference; lastKnownFileType = sourcecode.swift; path = AppDelegate.swift; sourceTree = "<group>"; };
		48BFC7B31EEB59DB002451FD /* ViewController.swift */ = {isa = PBXFileReference; lastKnownFileType = sourcecode.swift; path = ViewController.swift; sourceTree = "<group>"; };
		48BFC7B61EEB59DC002451FD /* Base */ = {isa = PBXFileReference; lastKnownFileType = file.storyboard; name = Base; path = Base.lproj/Main.storyboard; sourceTree = "<group>"; };
		48BFC7B81EEB59DC002451FD /* Images.xcassets */ = {isa = PBXFileReference; lastKnownFileType = folder.assetcatalog; path = Images.xcassets; sourceTree = "<group>"; };
		48BFC7BB1EEB59DC002451FD /* Base */ = {isa = PBXFileReference; lastKnownFileType = file.xib; name = Base; path = Base.lproj/LaunchScreen.xib; sourceTree = "<group>"; };
		48BFC7C11EEB59DC002451FD /* SwiftAppTests.xctest */ = {isa = PBXFileReference; explicitFileType = wrapper.cfbundle; includeInIndex = 0; path = SwiftAppTests.xctest; sourceTree = BUILT_PRODUCTS_DIR; };
		48BFC7C61EEB59DC002451FD /* Info.plist */ = {isa = PBXFileReference; lastKnownFileType = text.plist.xml; path = Info.plist; sourceTree = "<group>"; };
		48BFC7C71EEB59DC002451FD /* SwiftAppTests.swift */ = {isa = PBXFileReference; lastKnownFileType = sourcecode.swift; path = SwiftAppTests.swift; sourceTree = "<group>"; };
/* End PBXFileReference section */

/* Begin PBXFrameworksBuildPhase section */
		48BFC7A91EEB59DB002451FD /* Frameworks */ = {
			isa = PBXFrameworksBuildPhase;
			buildActionMask = 2147483647;
			files = (
			);
			runOnlyForDeploymentPostprocessing = 0;
		};
		48BFC7BE1EEB59DC002451FD /* Frameworks */ = {
			isa = PBXFrameworksBuildPhase;
			buildActionMask = 2147483647;
			files = (
			);
			runOnlyForDeploymentPostprocessing = 0;
		};
/* End PBXFrameworksBuildPhase section */

/* Begin PBXGroup section */
		48BFC7A31EEB59DB002451FD = {
			isa = PBXGroup;
			children = (
				48BFC7AE1EEB59DB002451FD /* SwiftApp */,
				48BFC7C41EEB59DC002451FD /* SwiftAppTests */,
				48BFC7AD1EEB59DB002451FD /* Products */,
			);
			sourceTree = "<group>";
		};
		48BFC7AD1EEB59DB002451FD /* Products */ = {
			isa = PBXGroup;
			children = (
				48BFC7AC1EEB59DB002451FD /* SwiftApp.app */,
				48BFC7C11EEB59DC002451FD /* SwiftAppTests.xctest */,
			);
			name = Products;
			sourceTree = "<group>";
		};
		48BFC7AE1EEB59DB002451FD /* SwiftApp */ = {
			isa = PBXGroup;
			children = (
				48BFC7B11EEB59DB002451FD /* AppDelegate.swift */,
				48BFC7B31EEB59DB002451FD /* ViewController.swift */,
				48BFC7B51EEB59DC002451FD /* Main.storyboard */,
				48BFC7B81EEB59DC002451FD /* Images.xcassets */,
				48BFC7BA1EEB59DC002451FD /* LaunchScreen.xib */,
				48BFC7AF1EEB59DB002451FD /* Supporting Files */,
			);
			path = SwiftApp;
			sourceTree = "<group>";
		};
		48BFC7AF1EEB59DB002451FD /* Supporting Files */ = {
			isa = PBXGroup;
			children = (
				48BFC7B01EEB59DB002451FD /* Info.plist */,
			);
			name = "Supporting Files";
			sourceTree = "<group>";
		};
		48BFC7C41EEB59DC002451FD /* SwiftAppTests */ = {
			isa = PBXGroup;
			children = (
				48BFC7C71EEB59DC002451FD /* SwiftAppTests.swift */,
				48BFC7C51EEB59DC002451FD /* Supporting Files */,
			);
			path = SwiftAppTests;
			sourceTree = "<group>";
		};
		48BFC7C51EEB59DC002451FD /* Supporting Files */ = {
			isa = PBXGroup;
			children = (
				48BFC7C61EEB59DC002451FD /* Info.plist */,
			);
			name = "Supporting Files";
			sourceTree = "<group>";
		};
/* End PBXGroup section */

/* Begin PBXNativeTarget section */
		48BFC7AB1EEB59DB002451FD /* SwiftApp */ = {
			isa = PBXNativeTarget;
			buildConfigurationList = 48BFC7CB1EEB59DC002451FD /* Build configuration list for PBXNativeTarget "SwiftApp" */;
			buildPhases = (
				48BFC7A81EEB59DB002451FD /* Sources */,
				48BFC7A91EEB59DB002451FD /* Frameworks */,
				48BFC7AA1EEB59DB002451FD /* Resources */,
			);
			buildRules = (
			);
			dependencies = (
			);
			name = SwiftApp;
			productName = SwiftApp;
			productReference = 48BFC7AC1EEB59DB002451FD /* SwiftApp.app */;
			productType = "com.apple.product-type.application";
		};
		48BFC7C01EEB59DC002451FD /* SwiftAppTests */ = {
			isa = PBXNativeTarget;
			buildConfigurationList = 48BFC7CE1EEB59DC002451FD /* Build configuration list for PBXNativeTarget "SwiftAppTests" */;
			buildPhases = (
				48BFC7BD1EEB59DC002451FD /* Sources */,
				48BFC7BE1EEB59DC002451FD /* Frameworks */,
				48BFC7BF1EEB59DC002451FD /* Resources */,
			);
			buildRules = (
			);
			dependencies = (
				48BFC7C31EEB59DC002451FD /* PBXTargetDependency */,
			);
			name = SwiftAppTests;
			productName = SwiftAppTests;
			productReference = 48BFC7C11EEB59DC002451FD /* SwiftAppTests.xctest */;
			productType = "com.apple.product-type.bundle.unit-test";
		};
/* End PBXNativeTarget section */

/* Begin PBXProject section */
		48BFC7A41EEB59DB002451FD /* Project object */ = {
			isa = PBXProject;
			attributes = {
				LastUpgradeCheck = 0640;
				ORGANIZATIONNAME = Dadral;
				TargetAttributes = {
					48BFC7AB1EEB59DB002451FD = {
						CreatedOnToolsVersion = 6.4;
					};
					48BFC7C01EEB59DC002451FD = {
						CreatedOnToolsVersion = 6.4;
						TestTargetID = 48BFC7AB1EEB59DB002451FD;
					};
				};
			};
			buildConfigurationList = 48BFC7A71EEB59DB002451FD /* Build configuration list for PBXProject "SwiftApp" */;
			compatibilityVersion = "Xcode 3.2";
			developmentRegion = English;
			hasScannedForEncodings = 0;
			knownRegions = (
				en,
				Base,
			);
			mainGroup = 48BFC7A31EEB59DB002451FD;
			productRefGroup = 48BFC7AD1EEB59DB002451FD /* Products */;
			projectDirPath = "";
			projectRoot = "";
			targets = (
				48BFC7AB1EEB59DB002451FD /* SwiftApp */,
				48BFC7C01EEB59DC002451FD /* SwiftAppTests */,
			);
		};
/* End PBXProject section */

/* Begin PBXResourcesBuildPhase section */
		48BFC7AA1EEB59DB002451FD /* Resources */ = {
			isa = PBXResourcesBuildPhase;
			buildActionMask = 2147483647;
			files = (
				48BFC7B71EEB59DC002451FD /* Main.storyboard in Resources */,
				48BFC7BC1EEB59DC002451FD /* LaunchScreen.xib in Resources */,
				48BFC7B91EEB59DC002451FD /* Images.xcassets in Resources */,
			);
			runOnlyForDeploymentPostprocessing = 0;
		};
		48BFC7BF1EEB59DC002451FD /* Resources */ = {
			isa = PBXResourcesBuildPhase;
			buildActionMask = 2147483647;
			files = (
			);
			runOnlyForDeploymentPostprocessing = 0;
		};
/* End PBXResourcesBuildPhase section */

/* Begin PBXSourcesBuildPhase section */
		48BFC7A81EEB59DB002451FD /* Sources */ = {
			isa = PBXSourcesBuildPhase;
			buildActionMask = 2147483647;
			files = (
				48BFC7B41EEB59DB002451FD /* ViewController.swift in Sources */,
				48BFC7B21EEB59DB002451FD /* AppDelegate.swift in Sources */,
			);
			runOnlyForDeploymentPostprocessing = 0;
		};
		48BFC7BD1EEB59DC002451FD /* Sources */ = {
			isa = PBXSourcesBuildPhase;
			buildActionMask = 2147483647;
			files = (
				48BFC7C81EEB59DC002451FD /* SwiftAppTests.swift in Sources */,
			);
			runOnlyForDeploymentPostprocessing = 0;
		};
/* End PBXSourcesBuildPhase section */

/* Begin PBXTargetDependency section */
		48BFC7C31EEB59DC002451FD /* PBXTargetDependency */ = {
			isa = PBXTargetDependency;
			target = 48BFC7AB1EEB59DB002451FD /* SwiftApp */;
			targetProxy = 48BFC7C21EEB59DC002451FD /* PBXContainerItemProxy */;
		};
/* End PBXTargetDependency section */

/* Begin PBXVariantGroup section */
		48BFC7B51EEB59DC002451FD /* Main.storyboard */ = {
			isa = PBXVariantGroup;
			children = (
				48BFC7B61EEB59DC002451FD /* Base */,
			);
			name = Main.storyboard;
			sourceTree = "<group>";
		};
		48BFC7BA1EEB59DC002451FD /* LaunchScreen.xib */ = {
			isa = PBXVariantGroup;
			children = (
				48BFC7BB1EEB59DC002451FD /* Base */,
			);
			name = LaunchScreen.xib;
			sourceTree = "<group>";
		};
/* End PBXVariantGroup section */

/* Begin XCBuildConfiguration section */
		48BFC7C91EEB59DC002451FD /* Debug */ = {
			isa = XCBuildConfiguration;
			buildSettings = {
				ALWAYS_SEARCH_USER_PATHS = NO;
				CLANG_CXX_LANGUAGE_STANDARD = "gnu++0x";
				CLANG_CXX_LIBRARY = "libc++";
				CLANG_ENABLE_MODULES = YES;
				CLANG_ENABLE_OBJC_ARC = YES;
				CLANG_WARN_BOOL_CONVERSION = YES;
				CLANG_WARN_CONSTANT_CONVERSION = YES;
				CLANG_WARN_DIRECT_OBJC_ISA_USAGE = YES_ERROR;
				CLANG_WARN_EMPTY_BODY = YES;
				CLANG_WARN_ENUM_CONVERSION = YES;
				CLANG_WARN_INT_CONVERSION = YES;
				CLANG_WARN_OBJC_ROOT_CLASS = YES_ERROR;
				CLANG_WARN_UNREACHABLE_CODE = YES;
				CLANG_WARN__DUPLICATE_METHOD_MATCH = YES;
				"CODE_SIGN_IDENTITY[sdk=iphoneos*]" = "iPhone Developer";
				COPY_PHASE_STRIP = NO;
				DEBUG_INFORMATION_FORMAT = "dwarf-with-dsym";
				ENABLE_STRICT_OBJC_MSGSEND = YES;
				GCC_C_LANGUAGE_STANDARD = gnu99;
				GCC_DYNAMIC_NO_PIC = NO;
				GCC_NO_COMMON_BLOCKS = YES;
				GCC_OPTIMIZATION_LEVEL = 0;
				GCC_PREPROCESSOR_DEFINITIONS = (
					"DEBUG=1",
					"$(inherited)",
				);
				GCC_SYMBOLS_PRIVATE_EXTERN = NO;
				GCC_WARN_64_TO_32_BIT_CONVERSION = YES;
				GCC_WARN_ABOUT_RETURN_TYPE = YES_ERROR;
				GCC_WARN_UNDECLARED_SELECTOR = YES;
				GCC_WARN_UNINITIALIZED_AUTOS = YES_AGGRESSIVE;
				GCC_WARN_UNUSED_FUNCTION = YES;
				GCC_WARN_UNUSED_VARIABLE = YES;
				IPHONEOS_DEPLOYMENT_TARGET = 8.4;
				MTL_ENABLE_DEBUG_INFO = YES;
				ONLY_ACTIVE_ARCH = YES;
				SDKROOT = iphoneos;
				SWIFT_OPTIMIZATION_LEVEL = "-Onone";
				TARGETED_DEVICE_FAMILY = "1,2";
			};
			name = Debug;
		};
		48BFC7CA1EEB59DC002451FD /* Release */ = {
			isa = XCBuildConfiguration;
			buildSettings = {
				ALWAYS_SEARCH_USER_PATHS = NO;
				CLANG_CXX_LANGUAGE_STANDARD = "gnu++0x";
				CLANG_CXX_LIBRARY = "libc++";
				CLANG_ENABLE_MODULES = YES;
				CLANG_ENABLE_OBJC_ARC = YES;
				CLANG_WARN_BOOL_CONVERSION = YES;
				CLANG_WARN_CONSTANT_CONVERSION = YES;
				CLANG_WARN_DIRECT_OBJC_ISA_USAGE = YES_ERROR;
				CLANG_WARN_EMPTY_BODY = YES;
				CLANG_WARN_ENUM_CONVERSION = YES;
				CLANG_WARN_INT_CONVERSION = YES;
				CLANG_WARN_OBJC_ROOT_CLASS = YES_ERROR;
				CLANG_WARN_UNREACHABLE_CODE = YES;
				CLANG_WARN__DUPLICATE_METHOD_MATCH = YES;
				"CODE_SIGN_IDENTITY[sdk=iphoneos*]" = "iPhone Developer";
				COPY_PHASE_STRIP = NO;
				DEBUG_INFORMATION_FORMAT = "dwarf-with-dsym";
				ENABLE_NS_ASSERTIONS = NO;
				ENABLE_STRICT_OBJC_MSGSEND = YES;
				GCC_C_LANGUAGE_STANDARD = gnu99;
				GCC_NO_COMMON_BLOCKS = YES;
				GCC_WARN_64_TO_32_BIT_CONVERSION = YES;
				GCC_WARN_ABOUT_RETURN_TYPE = YES_ERROR;
				GCC_WARN_UNDECLARED_SELECTOR = YES;
				GCC_WARN_UNINITIALIZED_AUTOS = YES_AGGRESSIVE;
				GCC_WARN_UNUSED_FUNCTION = YES;
				GCC_WARN_UNUSED_VARIABLE = YES;
				IPHONEOS_DEPLOYMENT_TARGET = 8.4;
				MTL_ENABLE_DEBUG_INFO = NO;
				SDKROOT = iphoneos;
				TARGETED_DEVICE_FAMILY = "1,2";
				VALIDATE_PRODUCT = YES;
			};
			name = Release;
		};
		48BFC7CC1EEB59DC002451FD /* Debug */ = {
			isa = XCBuildConfiguration;
			buildSettings = {
				ASSETCATALOG_COMPILER_APPICON_NAME = AppIcon;
				INFOPLIST_FILE = SwiftApp/Info.plist;
				LD_RUNPATH_SEARCH_PATHS = "$(inherited) @executable_path/Frameworks";
				PRODUCT_NAME = "$(TARGET_NAME)";
			};
			name = Debug;
		};
		48BFC7CD1EEB59DC002451FD /* Release */ = {
			isa = XCBuildConfiguration;
			buildSettings = {
				ASSETCATALOG_COMPILER_APPICON_NAME = AppIcon;
				INFOPLIST_FILE = SwiftApp/Info.plist;
				LD_RUNPATH_SEARCH_PATHS = "$(inherited) @executable_path/Frameworks";
				PRODUCT_NAME = "$(TARGET_NAME)";
			};
			name = Release;
		};
		48BFC7CF1EEB59DC002451FD /* Debug */ = {
			isa = XCBuildConfiguration;
			buildSettings = {
				BUNDLE_LOADER = "$(TEST_HOST)";
				FRAMEWORK_SEARCH_PATHS = (
					"$(SDKROOT)/Developer/Library/Frameworks",
					"$(inherited)",
				);
				GCC_PREPROCESSOR_DEFINITIONS = (
					"DEBUG=1",
					"$(inherited)",
				);
				INFOPLIST_FILE = SwiftAppTests/Info.plist;
				LD_RUNPATH_SEARCH_PATHS = "$(inherited) @executable_path/Frameworks @loader_path/Frameworks";
				PRODUCT_NAME = "$(TARGET_NAME)";
				TEST_HOST = "$(BUILT_PRODUCTS_DIR)/SwiftApp.app/SwiftApp";
			};
			name = Debug;
		};
		48BFC7D01EEB59DC002451FD /* Release */ = {
			isa = XCBuildConfiguration;
			buildSettings = {
				BUNDLE_LOADER = "$(TEST_HOST)";
				FRAMEWORK_SEARCH_PATHS = (
					"$(SDKROOT)/Developer/Library/Frameworks",
					"$(inherited)",
				);
				INFOPLIST_FILE = SwiftAppTests/Info.plist;
				LD_RUNPATH_SEARCH_PATHS = "$(inherited) @executable_path/Frameworks @loader_path/Frameworks";
				PRODUCT_NAME = "$(TARGET_NAME)";
				TEST_HOST = "$(BUILT_PRODUCTS_DIR)/SwiftApp.app/SwiftApp";
			};
			name = Release;
		};
/* End XCBuildConfiguration section */

/* Begin XCConfigurationList section */
		48BFC7A71EEB59DB002451FD /* Build configuration list for PBXProject "SwiftApp" */ = {
			isa = XCConfigurationList;
			buildConfigurations = (
				48BFC7C91EEB59DC002451FD /* Debug */,
				48BFC7CA1EEB59DC002451FD /* Release */,
			);
			defaultConfigurationIsVisible = 0;
			defaultConfigurationName = Release;
		};
		48BFC7CB1EEB59DC002451FD /* Build configuration list for PBXNativeTarget "SwiftApp" */ = {
			isa = XCConfigurationList;
			buildConfigurations = (
				48BFC7CC1EEB59DC002451FD /* Debug */,
				48BFC7CD1EEB59DC002451FD /* Release */,
			);
			defaultConfigurationIsVisible = 0;
		};
		48BFC7CE1EEB59DC002451FD /* Build configuration list for PBXNativeTarget "SwiftAppTests" */ = {
			isa = XCConfigurationList;
			buildConfigurations = (
				48BFC7CF1EEB59DC002451FD /* Debug */,
				48BFC7D01EEB59DC002451FD /* Release */,
			);
			defaultConfigurationIsVisible = 0;
		};
/* End XCConfigurationList section */
	};
	rootObject = 48BFC7A41EEB59DB002451FD /* Project object */;
}
